# This file is automatically @generated by Poetry 1.5.1 and should not be changed by hand.

[[package]]
name = "asgiref"
version = "3.7.2"
description = "ASGI specs, helper code, and adapters"
optional = false
python-versions = ">=3.7"
files = [
    {file = "asgiref-3.7.2-py3-none-any.whl", hash = "sha256:89b2ef2247e3b562a16eef663bc0e2e703ec6468e2fa8a5cd61cd449786d4f6e"},
    {file = "asgiref-3.7.2.tar.gz", hash = "sha256:9e0ce3aa93a819ba5b45120216b23878cf6e8525eb3848653452b4192b92afed"},
]

[package.dependencies]
typing-extensions = {version = ">=4", markers = "python_version < \"3.11\""}

[package.extras]
tests = ["mypy (>=0.800)", "pytest", "pytest-asyncio"]

[[package]]
name = "django"
version = "4.2.5"
description = "A high-level Python web framework that encourages rapid development and clean, pragmatic design."
optional = false
python-versions = ">=3.8"
files = [
    {file = "Django-4.2.5-py3-none-any.whl", hash = "sha256:b6b2b5cae821077f137dc4dade696a1c2aa292f892eca28fa8d7bfdf2608ddd4"},
    {file = "Django-4.2.5.tar.gz", hash = "sha256:5e5c1c9548ffb7796b4a8a4782e9a2e5a3df3615259fc1bfd3ebc73b646146c1"},
]

[package.dependencies]
asgiref = ">=3.6.0,<4"
sqlparse = ">=0.3.1"
tzdata = {version = "*", markers = "sys_platform == \"win32\""}

[package.extras]
argon2 = ["argon2-cffi (>=19.1.0)"]
bcrypt = ["bcrypt"]

[[package]]
name = "django-environ"
version = "0.11.2"
description = "A package that allows you to utilize 12factor inspired environment variables to configure your Django application."
optional = false
python-versions = ">=3.6,<4"
files = [
    {file = "django-environ-0.11.2.tar.gz", hash = "sha256:f32a87aa0899894c27d4e1776fa6b477e8164ed7f6b3e410a62a6d72caaf64be"},
    {file = "django_environ-0.11.2-py2.py3-none-any.whl", hash = "sha256:0ff95ab4344bfeff693836aa978e6840abef2e2f1145adff7735892711590c05"},
]

[package.extras]
develop = ["coverage[toml] (>=5.0a4)", "furo (>=2021.8.17b43,<2021.9.dev0)", "pytest (>=4.6.11)", "sphinx (>=3.5.0)", "sphinx-notfound-page"]
docs = ["furo (>=2021.8.17b43,<2021.9.dev0)", "sphinx (>=3.5.0)", "sphinx-notfound-page"]
testing = ["coverage[toml] (>=5.0a4)", "pytest (>=4.6.11)"]

[[package]]
name = "django-extensions"
version = "3.2.3"
description = "Extensions for Django"
optional = false
python-versions = ">=3.6"
files = [
    {file = "django-extensions-3.2.3.tar.gz", hash = "sha256:44d27919d04e23b3f40231c4ab7af4e61ce832ef46d610cc650d53e68328410a"},
    {file = "django_extensions-3.2.3-py3-none-any.whl", hash = "sha256:9600b7562f79a92cbf1fde6403c04fee314608fefbb595502e34383ae8203401"},
]

[package.dependencies]
Django = ">=3.2"

[[package]]
name = "django-simple-history"
version = "3.3.0"
description = "Store model history and view/revert changes from admin site."
optional = false
python-versions = ">=3.7"
files = [
    {file = "django-simple-history-3.3.0.tar.gz", hash = "sha256:2313d2d346f15a1e7a92adb3b6696b226f1cd0c1d920869ec40c4c4076614c41"},
    {file = "django_simple_history-3.3.0-py3-none-any.whl", hash = "sha256:dc1f98e558a0a1e0b6371c3b8efb85f86e02a6db56e83d0ec198343b7408d00a"},
]

[[package]]
name = "django-taggit"
version = "4.0.0"
description = "django-taggit is a reusable Django application for simple tagging."
optional = false
python-versions = ">=3.6"
files = [
    {file = "django-taggit-4.0.0.tar.gz", hash = "sha256:4d52de9d37245a9b9f98c0ec71fdccf1d2283e38e8866d40a7ae6a3b6787a161"},
    {file = "django_taggit-4.0.0-py3-none-any.whl", hash = "sha256:eb800dabef5f0a4e047ab0751f82cf805bc4a9e972037ef12bf519f52cd92480"},
]

[package.dependencies]
Django = ">=3.2"

[[package]]
name = "isort"
version = "5.12.0"
description = "A Python utility / library to sort Python imports."
optional = false
python-versions = ">=3.8.0"
files = [
    {file = "isort-5.12.0-py3-none-any.whl", hash = "sha256:f84c2818376e66cf843d497486ea8fed8700b340f308f076c6fb1229dff318b6"},
    {file = "isort-5.12.0.tar.gz", hash = "sha256:8bef7dde241278824a6d83f44a544709b065191b95b6e50894bdc722fcba0504"},
]

[package.extras]
colors = ["colorama (>=0.4.3)"]
pipfile-deprecated-finder = ["pip-shims (>=0.5.2)", "pipreqs", "requirementslib"]
plugins = ["setuptools"]
requirements-deprecated-finder = ["pip-api", "pipreqs"]

[[package]]
name = "ruff"
version = "0.0.289"
description = "An extremely fast Python linter, written in Rust."
optional = false
python-versions = ">=3.7"
files = [
    {file = "ruff-0.0.289-py3-none-macosx_10_7_x86_64.whl", hash = "sha256:c9a89d748e90c840bac9c37afe90cf13a5bfd460ca02ea93dad9d7bee3af03b4"},
    {file = "ruff-0.0.289-py3-none-macosx_10_9_x86_64.macosx_11_0_arm64.macosx_10_9_universal2.whl", hash = "sha256:7f7396c6ea01ba332a6ad9d47642bac25d16bd2076aaa595b001f58b2f32ff05"},
    {file = "ruff-0.0.289-py3-none-manylinux_2_17_aarch64.manylinux2014_aarch64.whl", hash = "sha256:7180de86c8ecd39624dec1699136f941c07e723201b4ce979bec9e7c67b40ad2"},
    {file = "ruff-0.0.289-py3-none-manylinux_2_17_armv7l.manylinux2014_armv7l.whl", hash = "sha256:73f37c65508203dd01a539926375a10243769c20d4fcab3fa6359cd3fbfc54b7"},
    {file = "ruff-0.0.289-py3-none-manylinux_2_17_i686.manylinux2014_i686.whl", hash = "sha256:1c14abcd7563b5c80be2dd809eeab20e4aa716bf849860b60a22d87ddf19eb88"},
    {file = "ruff-0.0.289-py3-none-manylinux_2_17_ppc64.manylinux2014_ppc64.whl", hash = "sha256:91b6d63b6b46d4707916472c91baa87aa0592e73f62a80ff55efdf6c0668cfd6"},
    {file = "ruff-0.0.289-py3-none-manylinux_2_17_ppc64le.manylinux2014_ppc64le.whl", hash = "sha256:6479b8c4be3c36046c6c92054762b276fa0fddb03f6b9a310fbbf4c4951267fd"},
    {file = "ruff-0.0.289-py3-none-manylinux_2_17_s390x.manylinux2014_s390x.whl", hash = "sha256:c5424318c254bcb091cb67e140ec9b9f7122074e100b06236f252923fb41e767"},
    {file = "ruff-0.0.289-py3-none-manylinux_2_17_x86_64.manylinux2014_x86_64.whl", hash = "sha256:4daa90865796aedcedf0d8897fdd4cd09bf0ddd3504529a4ccf211edcaff3c7d"},
    {file = "ruff-0.0.289-py3-none-musllinux_1_2_aarch64.whl", hash = "sha256:8057e8ab0016c13b9419bad119e854f881e687bd96bc5e2d52c8baac0f278a44"},
    {file = "ruff-0.0.289-py3-none-musllinux_1_2_armv7l.whl", hash = "sha256:7eebfab2e6a6991908ff1bf82f2dc1e5095fc7e316848e62124526837b445f4d"},
    {file = "ruff-0.0.289-py3-none-musllinux_1_2_i686.whl", hash = "sha256:ebc7af550018001a7fb39ca22cdce20e1a0de4388ea4a007eb5c822f6188c297"},
    {file = "ruff-0.0.289-py3-none-musllinux_1_2_x86_64.whl", hash = "sha256:6e4e6eccb753efe760ba354fc8e9f783f6bba71aa9f592756f5bd0d78db898ed"},
    {file = "ruff-0.0.289-py3-none-win32.whl", hash = "sha256:bbb3044f931c09cf17dbe5b339896eece0d6ac10c9a86e172540fcdb1974f2b7"},
    {file = "ruff-0.0.289-py3-none-win_amd64.whl", hash = "sha256:6d043c5456b792be2615a52f16056c3cf6c40506ce1f2d6f9d3083cfcb9eeab6"},
    {file = "ruff-0.0.289-py3-none-win_arm64.whl", hash = "sha256:04a720bcca5e987426bb14ad8b9c6f55e259ea774da1cbeafe71569744cfd20a"},
    {file = "ruff-0.0.289.tar.gz", hash = "sha256:2513f853b0fc42f0339b7ab0d2751b63ce7a50a0032d2689b54b2931b3b866d7"},
]

[[package]]
name = "sqlparse"
version = "0.4.4"
description = "A non-validating SQL parser."
optional = false
python-versions = ">=3.5"
files = [
    {file = "sqlparse-0.4.4-py3-none-any.whl", hash = "sha256:5430a4fe2ac7d0f93e66f1efc6e1338a41884b7ddf2a350cedd20ccc4d9d28f3"},
    {file = "sqlparse-0.4.4.tar.gz", hash = "sha256:d446183e84b8349fa3061f0fe7f06ca94ba65b426946ffebe6e3e8295332420c"},
]

[package.extras]
dev = ["build", "flake8"]
doc = ["sphinx"]
test = ["pytest", "pytest-cov"]

[[package]]
name = "typing-extensions"
version = "4.7.1"
description = "Backported and Experimental Type Hints for Python 3.7+"
optional = false
python-versions = ">=3.7"
files = [
    {file = "typing_extensions-4.7.1-py3-none-any.whl", hash = "sha256:440d5dd3af93b060174bf433bccd69b0babc3b15b1a8dca43789fd7f61514b36"},
    {file = "typing_extensions-4.7.1.tar.gz", hash = "sha256:b75ddc264f0ba5615db7ba217daeb99701ad295353c45f9e95963337ceeeffb2"},
]

[[package]]
name = "tzdata"
version = "2023.3"
description = "Provider of IANA time zone data"
optional = false
python-versions = ">=2"
files = [
    {file = "tzdata-2023.3-py2.py3-none-any.whl", hash = "sha256:7e65763eef3120314099b6939b5546db7adce1e7d6f2e179e3df563c70511eda"},
    {file = "tzdata-2023.3.tar.gz", hash = "sha256:11ef1e08e54acb0d4f95bdb1be05da659673de4acbd21bf9c69e94cc5e907a3a"},
]

[[package]]
name = "whitenoise"
version = "6.5.0"
description = "Radically simplified static file serving for WSGI applications"
optional = false
python-versions = ">=3.7"
files = [
    {file = "whitenoise-6.5.0-py3-none-any.whl", hash = "sha256:16468e9ad2189f09f4a8c635a9031cc9bb2cdbc8e5e53365407acf99f7ade9ec"},
    {file = "whitenoise-6.5.0.tar.gz", hash = "sha256:15fe60546ac975b58e357ccaeb165a4ca2d0ab697e48450b8f0307ca368195a8"},
]

[package.extras]
brotli = ["Brotli"]

[metadata]
lock-version = "2.0"
python-versions = "^3.10"
content-hash = "895db6458199e1a07e7882b3db8425471ee4bd6d07d24b74adf9c86a73977fc8"
